
Microsoft Visual Studio Solution File, Format Version 12.00
Project("{FAE04EC0-301F-11D3-BF4B-00C04F79EFBC}") = "ChessGame", "ChessGame\ChessGame.csproj", "{250038CA-871F-4886-8EBB-FA82E51F879B}"
EndProject
Project("{FAE04EC0-301F-11D3-BF4B-00C04F79EFBC}") = "ChessTest", "ChessTest\ChessTest.csproj", "{8E93A622-3C55-4C26-B98B-028E731DF1A7}"
EndProject
Global
	GlobalSection(SolutionConfigurationPlatforms) = preSolution
		Debug|Any CPU = Debug|Any CPU
		Release|Any CPU = Release|Any CPU
	EndGlobalSection
	GlobalSection(ProjectConfigurationPlatforms) = postSolution
		{250038CA-871F-4886-8EBB-FA82E51F879B}.Debug|Any CPU.ActiveCfg = Debug|Any CPU
		{250038CA-871F-4886-8EBB-FA82E51F879B}.Debug|Any CPU.Build.0 = Debug|Any CPU
		{250038CA-871F-4886-8EBB-FA82E51F879B}.Release|Any CPU.ActiveCfg = Release|Any CPU
		{250038CA-871F-4886-8EBB-FA82E51F879B}.Release|Any CPU.Build.0 = Release|Any CPU
		{8E93A622-3C55-4C26-B98B-028E731DF1A7}.Debug|Any CPU.ActiveCfg = Debug|Any CPU
		{8E93A622-3C55-4C26-B98B-028E731DF1A7}.Debug|Any CPU.Build.0 = Debug|Any CPU
		{8E93A622-3C55-4C26-B98B-028E731DF1A7}.Release|Any CPU.ActiveCfg = Release|Any CPU
		{8E93A622-3C55-4C26-B98B-028E731DF1A7}.Release|Any CPU.Build.0 = Release|Any CPU
	EndGlobalSection
EndGlobal
